// !$*UTF8*$!
{
	archiveVersion = 1;
	classes = {
	};
	objectVersion = 48;
	objects = {

/* Begin PBXBuildFile section */
		9092407E20564E3400D5D385 /* AppDelegate.swift in Sources */ = {isa = PBXBuildFile; fileRef = 9092407D20564E3400D5D385 /* AppDelegate.swift */; };
		9092408020564E3400D5D385 /* ViewController.swift in Sources */ = {isa = PBXBuildFile; fileRef = 9092407F20564E3400D5D385 /* ViewController.swift */; };
		9092408320564E3400D5D385 /* Main.storyboard in Resources */ = {isa = PBXBuildFile; fileRef = 9092408120564E3400D5D385 /* Main.storyboard */; };
		9092408520564E3400D5D385 /* Assets.xcassets in Resources */ = {isa = PBXBuildFile; fileRef = 9092408420564E3400D5D385 /* Assets.xcassets */; };
		9092408820564E3400D5D385 /* LaunchScreen.storyboard in Resources */ = {isa = PBXBuildFile; fileRef = 9092408620564E3400D5D385 /* LaunchScreen.storyboard */; };
		9092409020565AA100D5D385 /* Concentration.swift in Sources */ = {isa = PBXBuildFile; fileRef = 9092408F20565AA100D5D385 /* Concentration.swift */; };
		9092409220565B8600D5D385 /* Card.swift in Sources */ = {isa = PBXBuildFile; fileRef = 9092409120565B8600D5D385 /* Card.swift */; };
<<<<<<< HEAD
		90C650852088C2D300660EDC /* PlayingCard.swift in Sources */ = {isa = PBXBuildFile; fileRef = 90C650832088C2D300660EDC /* PlayingCard.swift */; };
		90C650862088C2D300660EDC /* PlayingCardDeck.swift in Sources */ = {isa = PBXBuildFile; fileRef = 90C650842088C2D300660EDC /* PlayingCardDeck.swift */; };
=======
<<<<<<< HEAD
		90C650802088C15600660EDC /* PlayingCard.swift in Sources */ = {isa = PBXBuildFile; fileRef = 90C6507F2088C15600660EDC /* PlayingCard.swift */; };
		90C650822088C16A00660EDC /* PlayingCardDeck.swift in Sources */ = {isa = PBXBuildFile; fileRef = 90C650812088C16A00660EDC /* PlayingCardDeck.swift */; };
=======
		90C6507D20879C2500660EDC /* PlayingCard.swift in Sources */ = {isa = PBXBuildFile; fileRef = 90C6507B20879C2400660EDC /* PlayingCard.swift */; };
		90C6507E20879C2500660EDC /* PlayCardDeck.swift in Sources */ = {isa = PBXBuildFile; fileRef = 90C6507C20879C2500660EDC /* PlayCardDeck.swift */; };
>>>>>>> 5ced1944c528d50b770f8c5d435535789d6f04be
>>>>>>> cbefe9c4358f58ebf423973705ea9890dc663da9
/* End PBXBuildFile section */

/* Begin PBXFileReference section */
		9092407A20564E3400D5D385 /* flips_card.app */ = {isa = PBXFileReference; explicitFileType = wrapper.application; includeInIndex = 0; path = flips_card.app; sourceTree = BUILT_PRODUCTS_DIR; };
		9092407D20564E3400D5D385 /* AppDelegate.swift */ = {isa = PBXFileReference; lastKnownFileType = sourcecode.swift; path = AppDelegate.swift; sourceTree = "<group>"; };
		9092407F20564E3400D5D385 /* ViewController.swift */ = {isa = PBXFileReference; lastKnownFileType = sourcecode.swift; path = ViewController.swift; sourceTree = "<group>"; };
		9092408220564E3400D5D385 /* Base */ = {isa = PBXFileReference; lastKnownFileType = file.storyboard; name = Base; path = Base.lproj/Main.storyboard; sourceTree = "<group>"; };
		9092408420564E3400D5D385 /* Assets.xcassets */ = {isa = PBXFileReference; lastKnownFileType = folder.assetcatalog; path = Assets.xcassets; sourceTree = "<group>"; };
		9092408720564E3400D5D385 /* Base */ = {isa = PBXFileReference; lastKnownFileType = file.storyboard; name = Base; path = Base.lproj/LaunchScreen.storyboard; sourceTree = "<group>"; };
		9092408920564E3400D5D385 /* Info.plist */ = {isa = PBXFileReference; lastKnownFileType = text.plist.xml; path = Info.plist; sourceTree = "<group>"; };
		9092408F20565AA100D5D385 /* Concentration.swift */ = {isa = PBXFileReference; lastKnownFileType = sourcecode.swift; path = Concentration.swift; sourceTree = "<group>"; };
		9092409120565B8600D5D385 /* Card.swift */ = {isa = PBXFileReference; lastKnownFileType = sourcecode.swift; path = Card.swift; sourceTree = "<group>"; };
<<<<<<< HEAD
		90C650832088C2D300660EDC /* PlayingCard.swift */ = {isa = PBXFileReference; fileEncoding = 4; lastKnownFileType = sourcecode.swift; path = PlayingCard.swift; sourceTree = "<group>"; };
		90C650842088C2D300660EDC /* PlayingCardDeck.swift */ = {isa = PBXFileReference; fileEncoding = 4; lastKnownFileType = sourcecode.swift; path = PlayingCardDeck.swift; sourceTree = "<group>"; };
=======
<<<<<<< HEAD
		90C6507F2088C15600660EDC /* PlayingCard.swift */ = {isa = PBXFileReference; lastKnownFileType = sourcecode.swift; path = PlayingCard.swift; sourceTree = "<group>"; };
		90C650812088C16A00660EDC /* PlayingCardDeck.swift */ = {isa = PBXFileReference; lastKnownFileType = sourcecode.swift; path = PlayingCardDeck.swift; sourceTree = "<group>"; };
=======
		90C6507B20879C2400660EDC /* PlayingCard.swift */ = {isa = PBXFileReference; fileEncoding = 4; lastKnownFileType = sourcecode.swift; name = PlayingCard.swift; path = ../../playingCard/PlayingCard/PlayingCard/PlayingCard.swift; sourceTree = "<group>"; };
		90C6507C20879C2500660EDC /* PlayCardDeck.swift */ = {isa = PBXFileReference; fileEncoding = 4; lastKnownFileType = sourcecode.swift; name = PlayCardDeck.swift; path = ../../playingCard/PlayingCard/PlayingCard/PlayCardDeck.swift; sourceTree = "<group>"; };
>>>>>>> 5ced1944c528d50b770f8c5d435535789d6f04be
>>>>>>> cbefe9c4358f58ebf423973705ea9890dc663da9
/* End PBXFileReference section */

/* Begin PBXFrameworksBuildPhase section */
		9092407720564E3400D5D385 /* Frameworks */ = {
			isa = PBXFrameworksBuildPhase;
			buildActionMask = 2147483647;
			files = (
			);
			runOnlyForDeploymentPostprocessing = 0;
		};
/* End PBXFrameworksBuildPhase section */

/* Begin PBXGroup section */
		9092407120564E3400D5D385 = {
			isa = PBXGroup;
			children = (
				9092407C20564E3400D5D385 /* flips_card */,
				9092407B20564E3400D5D385 /* Products */,
			);
			sourceTree = "<group>";
		};
		9092407B20564E3400D5D385 /* Products */ = {
			isa = PBXGroup;
			children = (
				9092407A20564E3400D5D385 /* flips_card.app */,
			);
			name = Products;
			sourceTree = "<group>";
		};
		9092407C20564E3400D5D385 /* flips_card */ = {
			isa = PBXGroup;
			children = (
<<<<<<< HEAD
				90C650832088C2D300660EDC /* PlayingCard.swift */,
				90C650842088C2D300660EDC /* PlayingCardDeck.swift */,
=======
				90C6507C20879C2500660EDC /* PlayCardDeck.swift */,
				90C6507B20879C2400660EDC /* PlayingCard.swift */,
>>>>>>> cbefe9c4358f58ebf423973705ea9890dc663da9
				9092407D20564E3400D5D385 /* AppDelegate.swift */,
				9092407F20564E3400D5D385 /* ViewController.swift */,
				9092408120564E3400D5D385 /* Main.storyboard */,
				9092408420564E3400D5D385 /* Assets.xcassets */,
				9092408620564E3400D5D385 /* LaunchScreen.storyboard */,
				9092408920564E3400D5D385 /* Info.plist */,
				9092408F20565AA100D5D385 /* Concentration.swift */,
				9092409120565B8600D5D385 /* Card.swift */,
<<<<<<< HEAD
=======
<<<<<<< HEAD
				90C6507F2088C15600660EDC /* PlayingCard.swift */,
				90C650812088C16A00660EDC /* PlayingCardDeck.swift */,
=======
>>>>>>> 5ced1944c528d50b770f8c5d435535789d6f04be
>>>>>>> cbefe9c4358f58ebf423973705ea9890dc663da9
			);
			path = flips_card;
			sourceTree = "<group>";
		};
/* End PBXGroup section */

/* Begin PBXNativeTarget section */
		9092407920564E3400D5D385 /* flips_card */ = {
			isa = PBXNativeTarget;
			buildConfigurationList = 9092408C20564E3400D5D385 /* Build configuration list for PBXNativeTarget "flips_card" */;
			buildPhases = (
				9092407620564E3400D5D385 /* Sources */,
				9092407720564E3400D5D385 /* Frameworks */,
				9092407820564E3400D5D385 /* Resources */,
			);
			buildRules = (
			);
			dependencies = (
			);
			name = flips_card;
			productName = flips_card;
			productReference = 9092407A20564E3400D5D385 /* flips_card.app */;
			productType = "com.apple.product-type.application";
		};
/* End PBXNativeTarget section */

/* Begin PBXProject section */
		9092407220564E3400D5D385 /* Project object */ = {
			isa = PBXProject;
			attributes = {
				LastSwiftUpdateCheck = 0920;
				LastUpgradeCheck = 0920;
				ORGANIZATIONNAME = White;
				TargetAttributes = {
					9092407920564E3400D5D385 = {
						CreatedOnToolsVersion = 9.2;
						ProvisioningStyle = Automatic;
					};
				};
			};
			buildConfigurationList = 9092407520564E3400D5D385 /* Build configuration list for PBXProject "flips_card" */;
			compatibilityVersion = "Xcode 8.0";
			developmentRegion = en;
			hasScannedForEncodings = 0;
			knownRegions = (
				en,
				Base,
			);
			mainGroup = 9092407120564E3400D5D385;
			productRefGroup = 9092407B20564E3400D5D385 /* Products */;
			projectDirPath = "";
			projectRoot = "";
			targets = (
				9092407920564E3400D5D385 /* flips_card */,
			);
		};
/* End PBXProject section */

/* Begin PBXResourcesBuildPhase section */
		9092407820564E3400D5D385 /* Resources */ = {
			isa = PBXResourcesBuildPhase;
			buildActionMask = 2147483647;
			files = (
				9092408820564E3400D5D385 /* LaunchScreen.storyboard in Resources */,
				9092408520564E3400D5D385 /* Assets.xcassets in Resources */,
				9092408320564E3400D5D385 /* Main.storyboard in Resources */,
			);
			runOnlyForDeploymentPostprocessing = 0;
		};
/* End PBXResourcesBuildPhase section */

/* Begin PBXSourcesBuildPhase section */
		9092407620564E3400D5D385 /* Sources */ = {
			isa = PBXSourcesBuildPhase;
			buildActionMask = 2147483647;
			files = (
<<<<<<< HEAD
				90C650852088C2D300660EDC /* PlayingCard.swift in Sources */,
				9092409020565AA100D5D385 /* Concentration.swift in Sources */,
				9092408020564E3400D5D385 /* ViewController.swift in Sources */,
				90C650862088C2D300660EDC /* PlayingCardDeck.swift in Sources */,
=======
<<<<<<< HEAD
				90C650802088C15600660EDC /* PlayingCard.swift in Sources */,
				9092409020565AA100D5D385 /* Concentration.swift in Sources */,
				9092408020564E3400D5D385 /* ViewController.swift in Sources */,
				90C650822088C16A00660EDC /* PlayingCardDeck.swift in Sources */,
=======
				9092409020565AA100D5D385 /* Concentration.swift in Sources */,
				9092408020564E3400D5D385 /* ViewController.swift in Sources */,
				90C6507E20879C2500660EDC /* PlayCardDeck.swift in Sources */,
>>>>>>> 5ced1944c528d50b770f8c5d435535789d6f04be
>>>>>>> cbefe9c4358f58ebf423973705ea9890dc663da9
				9092407E20564E3400D5D385 /* AppDelegate.swift in Sources */,
				90C6507D20879C2500660EDC /* PlayingCard.swift in Sources */,
				9092409220565B8600D5D385 /* Card.swift in Sources */,
			);
			runOnlyForDeploymentPostprocessing = 0;
		};
/* End PBXSourcesBuildPhase section */

/* Begin PBXVariantGroup section */
		9092408120564E3400D5D385 /* Main.storyboard */ = {
			isa = PBXVariantGroup;
			children = (
				9092408220564E3400D5D385 /* Base */,
			);
			name = Main.storyboard;
			sourceTree = "<group>";
		};
		9092408620564E3400D5D385 /* LaunchScreen.storyboard */ = {
			isa = PBXVariantGroup;
			children = (
				9092408720564E3400D5D385 /* Base */,
			);
			name = LaunchScreen.storyboard;
			sourceTree = "<group>";
		};
/* End PBXVariantGroup section */

/* Begin XCBuildConfiguration section */
		9092408A20564E3400D5D385 /* Debug */ = {
			isa = XCBuildConfiguration;
			buildSettings = {
				ALWAYS_SEARCH_USER_PATHS = NO;
				CLANG_ANALYZER_NONNULL = YES;
				CLANG_ANALYZER_NUMBER_OBJECT_CONVERSION = YES_AGGRESSIVE;
				CLANG_CXX_LANGUAGE_STANDARD = "gnu++14";
				CLANG_CXX_LIBRARY = "libc++";
				CLANG_ENABLE_MODULES = YES;
				CLANG_ENABLE_OBJC_ARC = YES;
				CLANG_WARN_BLOCK_CAPTURE_AUTORELEASING = YES;
				CLANG_WARN_BOOL_CONVERSION = YES;
				CLANG_WARN_COMMA = YES;
				CLANG_WARN_CONSTANT_CONVERSION = YES;
				CLANG_WARN_DIRECT_OBJC_ISA_USAGE = YES_ERROR;
				CLANG_WARN_DOCUMENTATION_COMMENTS = YES;
				CLANG_WARN_EMPTY_BODY = YES;
				CLANG_WARN_ENUM_CONVERSION = YES;
				CLANG_WARN_INFINITE_RECURSION = YES;
				CLANG_WARN_INT_CONVERSION = YES;
				CLANG_WARN_NON_LITERAL_NULL_CONVERSION = YES;
				CLANG_WARN_OBJC_LITERAL_CONVERSION = YES;
				CLANG_WARN_OBJC_ROOT_CLASS = YES_ERROR;
				CLANG_WARN_RANGE_LOOP_ANALYSIS = YES;
				CLANG_WARN_STRICT_PROTOTYPES = YES;
				CLANG_WARN_SUSPICIOUS_MOVE = YES;
				CLANG_WARN_UNGUARDED_AVAILABILITY = YES_AGGRESSIVE;
				CLANG_WARN_UNREACHABLE_CODE = YES;
				CLANG_WARN__DUPLICATE_METHOD_MATCH = YES;
				CODE_SIGN_IDENTITY = "iPhone Developer";
				COPY_PHASE_STRIP = NO;
				DEBUG_INFORMATION_FORMAT = dwarf;
				ENABLE_STRICT_OBJC_MSGSEND = YES;
				ENABLE_TESTABILITY = YES;
				GCC_C_LANGUAGE_STANDARD = gnu11;
				GCC_DYNAMIC_NO_PIC = NO;
				GCC_NO_COMMON_BLOCKS = YES;
				GCC_OPTIMIZATION_LEVEL = 0;
				GCC_PREPROCESSOR_DEFINITIONS = (
					"DEBUG=1",
					"$(inherited)",
				);
				GCC_WARN_64_TO_32_BIT_CONVERSION = YES;
				GCC_WARN_ABOUT_RETURN_TYPE = YES_ERROR;
				GCC_WARN_UNDECLARED_SELECTOR = YES;
				GCC_WARN_UNINITIALIZED_AUTOS = YES_AGGRESSIVE;
				GCC_WARN_UNUSED_FUNCTION = YES;
				GCC_WARN_UNUSED_VARIABLE = YES;
				IPHONEOS_DEPLOYMENT_TARGET = 11.2;
				MTL_ENABLE_DEBUG_INFO = YES;
				ONLY_ACTIVE_ARCH = YES;
				SDKROOT = iphoneos;
				SWIFT_ACTIVE_COMPILATION_CONDITIONS = DEBUG;
				SWIFT_OPTIMIZATION_LEVEL = "-Onone";
			};
			name = Debug;
		};
		9092408B20564E3400D5D385 /* Release */ = {
			isa = XCBuildConfiguration;
			buildSettings = {
				ALWAYS_SEARCH_USER_PATHS = NO;
				CLANG_ANALYZER_NONNULL = YES;
				CLANG_ANALYZER_NUMBER_OBJECT_CONVERSION = YES_AGGRESSIVE;
				CLANG_CXX_LANGUAGE_STANDARD = "gnu++14";
				CLANG_CXX_LIBRARY = "libc++";
				CLANG_ENABLE_MODULES = YES;
				CLANG_ENABLE_OBJC_ARC = YES;
				CLANG_WARN_BLOCK_CAPTURE_AUTORELEASING = YES;
				CLANG_WARN_BOOL_CONVERSION = YES;
				CLANG_WARN_COMMA = YES;
				CLANG_WARN_CONSTANT_CONVERSION = YES;
				CLANG_WARN_DIRECT_OBJC_ISA_USAGE = YES_ERROR;
				CLANG_WARN_DOCUMENTATION_COMMENTS = YES;
				CLANG_WARN_EMPTY_BODY = YES;
				CLANG_WARN_ENUM_CONVERSION = YES;
				CLANG_WARN_INFINITE_RECURSION = YES;
				CLANG_WARN_INT_CONVERSION = YES;
				CLANG_WARN_NON_LITERAL_NULL_CONVERSION = YES;
				CLANG_WARN_OBJC_LITERAL_CONVERSION = YES;
				CLANG_WARN_OBJC_ROOT_CLASS = YES_ERROR;
				CLANG_WARN_RANGE_LOOP_ANALYSIS = YES;
				CLANG_WARN_STRICT_PROTOTYPES = YES;
				CLANG_WARN_SUSPICIOUS_MOVE = YES;
				CLANG_WARN_UNGUARDED_AVAILABILITY = YES_AGGRESSIVE;
				CLANG_WARN_UNREACHABLE_CODE = YES;
				CLANG_WARN__DUPLICATE_METHOD_MATCH = YES;
				CODE_SIGN_IDENTITY = "iPhone Developer";
				COPY_PHASE_STRIP = NO;
				DEBUG_INFORMATION_FORMAT = "dwarf-with-dsym";
				ENABLE_NS_ASSERTIONS = NO;
				ENABLE_STRICT_OBJC_MSGSEND = YES;
				GCC_C_LANGUAGE_STANDARD = gnu11;
				GCC_NO_COMMON_BLOCKS = YES;
				GCC_WARN_64_TO_32_BIT_CONVERSION = YES;
				GCC_WARN_ABOUT_RETURN_TYPE = YES_ERROR;
				GCC_WARN_UNDECLARED_SELECTOR = YES;
				GCC_WARN_UNINITIALIZED_AUTOS = YES_AGGRESSIVE;
				GCC_WARN_UNUSED_FUNCTION = YES;
				GCC_WARN_UNUSED_VARIABLE = YES;
				IPHONEOS_DEPLOYMENT_TARGET = 11.2;
				MTL_ENABLE_DEBUG_INFO = NO;
				SDKROOT = iphoneos;
				SWIFT_OPTIMIZATION_LEVEL = "-Owholemodule";
				VALIDATE_PRODUCT = YES;
			};
			name = Release;
		};
		9092408D20564E3400D5D385 /* Debug */ = {
			isa = XCBuildConfiguration;
			buildSettings = {
				ASSETCATALOG_COMPILER_APPICON_NAME = AppIcon;
				CODE_SIGN_STYLE = Automatic;
				DEVELOPMENT_TEAM = KR24753493;
				INFOPLIST_FILE = flips_card/Info.plist;
				LD_RUNPATH_SEARCH_PATHS = "$(inherited) @executable_path/Frameworks";
				PRODUCT_BUNDLE_IDENTIFIER = "whiteHo.flips-card";
				PRODUCT_NAME = "$(TARGET_NAME)";
				SWIFT_VERSION = 4.0;
				TARGETED_DEVICE_FAMILY = "1,2";
			};
			name = Debug;
		};
		9092408E20564E3400D5D385 /* Release */ = {
			isa = XCBuildConfiguration;
			buildSettings = {
				ASSETCATALOG_COMPILER_APPICON_NAME = AppIcon;
				CODE_SIGN_STYLE = Automatic;
				DEVELOPMENT_TEAM = KR24753493;
				INFOPLIST_FILE = flips_card/Info.plist;
				LD_RUNPATH_SEARCH_PATHS = "$(inherited) @executable_path/Frameworks";
				PRODUCT_BUNDLE_IDENTIFIER = "whiteHo.flips-card";
				PRODUCT_NAME = "$(TARGET_NAME)";
				SWIFT_VERSION = 4.0;
				TARGETED_DEVICE_FAMILY = "1,2";
			};
			name = Release;
		};
/* End XCBuildConfiguration section */

/* Begin XCConfigurationList section */
		9092407520564E3400D5D385 /* Build configuration list for PBXProject "flips_card" */ = {
			isa = XCConfigurationList;
			buildConfigurations = (
				9092408A20564E3400D5D385 /* Debug */,
				9092408B20564E3400D5D385 /* Release */,
			);
			defaultConfigurationIsVisible = 0;
			defaultConfigurationName = Release;
		};
		9092408C20564E3400D5D385 /* Build configuration list for PBXNativeTarget "flips_card" */ = {
			isa = XCConfigurationList;
			buildConfigurations = (
				9092408D20564E3400D5D385 /* Debug */,
				9092408E20564E3400D5D385 /* Release */,
			);
			defaultConfigurationIsVisible = 0;
			defaultConfigurationName = Release;
		};
/* End XCConfigurationList section */
	};
	rootObject = 9092407220564E3400D5D385 /* Project object */;
}
